
Microsoft Visual Studio Solution File, Format Version 12.00
# Visual Studio 2013
VisualStudioVersion = 12.0.30501.0
MinimumVisualStudioVersion = 10.0.40219.1
Project("{FAE04EC0-301F-11D3-BF4B-00C04F79EFBC}") = "KMS Cloud API", "Kms Cloud Api\KMS Cloud API.csproj", "{F3B3A316-BE72-481A-81A0-57D85A6A09CC}"
EndProject
Project("{FAE04EC0-301F-11D3-BF4B-00C04F79EFBC}") = "KMS Cloud Database", "Kms Cloud Database\KMS Cloud Database.csproj", "{AF2A5B08-71B1-410A-9DFB-31A037851D33}"
EndProject
Project("{FAE04EC0-301F-11D3-BF4B-00C04F79EFBC}") = "KMS Cloud Web App", "Kms Cloud Web App\KMS Cloud Web App.csproj", "{6E4E6129-D244-4CB1-9225-C7DA0D903AF6}"
EndProject
Project("{2150E333-8FDC-42A3-9474-1A3956D46DE8}") = "Solution Items", "Solution Items", "{635342BD-9D34-4324-8F62-A5C112648965}"
	ProjectSection(SolutionItems) = preProject
		KMS Cloud Code Analysis Dictionary.xml = KMS Cloud Code Analysis Dictionary.xml
		WE2013-settings.xml = WE2013-settings.xml
		WebEssentials-Settings.json = WebEssentials-Settings.json
	EndProjectSection
EndProject
Project("{FAE04EC0-301F-11D3-BF4B-00C04F79EFBC}") = "KMS Cloud Globalization", "Kms Cloud Globalization\KMS Cloud Globalization.csproj", "{9AAF5681-CF18-414D-9853-A20FFFA64EBA}"
EndProject
Project("{2150E333-8FDC-42A3-9474-1A3956D46DE8}") = "Certificates", "Certificates", "{AC30F1A3-5125-403E-B692-286815A94F0F}"
	ProjectSection(SolutionItems) = preProject
		Kms Cloud Certificates\api.kms.me.ssl.pfx = Kms Cloud Certificates\api.kms.me.ssl.pfx
		Kms Cloud Certificates\app.kms.me.ssl.pfx = Kms Cloud Certificates\app.kms.me.ssl.pfx
		Kms Cloud Certificates\get.kms.me.ssl.pfx = Kms Cloud Certificates\get.kms.me.ssl.pfx
	EndProjectSection
EndProject
Project("{FAE04EC0-301F-11D3-BF4B-00C04F79EFBC}") = "KMS Interop Cloud", "KMS Interop Cloud\KMS Interop Cloud.csproj", "{1F4E4E4C-4E46-47CB-A3FC-D1DBF78246A3}"
EndProject
Global
	GlobalSection(SolutionConfigurationPlatforms) = preSolution
		Debug|Any CPU = Debug|Any CPU
		Release|Any CPU = Release|Any CPU
		RemoteDebug|Any CPU = RemoteDebug|Any CPU
	EndGlobalSection
	GlobalSection(ProjectConfigurationPlatforms) = postSolution
		{F3B3A316-BE72-481A-81A0-57D85A6A09CC}.Debug|Any CPU.ActiveCfg = Debug|Any CPU
		{F3B3A316-BE72-481A-81A0-57D85A6A09CC}.Debug|Any CPU.Build.0 = Debug|Any CPU
		{F3B3A316-BE72-481A-81A0-57D85A6A09CC}.Release|Any CPU.ActiveCfg = Release|Any CPU
		{F3B3A316-BE72-481A-81A0-57D85A6A09CC}.Release|Any CPU.Build.0 = Release|Any CPU
		{F3B3A316-BE72-481A-81A0-57D85A6A09CC}.RemoteDebug|Any CPU.ActiveCfg = RemoteDebug|Any CPU
		{F3B3A316-BE72-481A-81A0-57D85A6A09CC}.RemoteDebug|Any CPU.Build.0 = RemoteDebug|Any CPU
		{AF2A5B08-71B1-410A-9DFB-31A037851D33}.Debug|Any CPU.ActiveCfg = Debug|Any CPU
		{AF2A5B08-71B1-410A-9DFB-31A037851D33}.Debug|Any CPU.Build.0 = Debug|Any CPU
		{AF2A5B08-71B1-410A-9DFB-31A037851D33}.Release|Any CPU.ActiveCfg = Release|Any CPU
		{AF2A5B08-71B1-410A-9DFB-31A037851D33}.Release|Any CPU.Build.0 = Release|Any CPU
		{AF2A5B08-71B1-410A-9DFB-31A037851D33}.RemoteDebug|Any CPU.ActiveCfg = RemoteDebug|Any CPU
		{AF2A5B08-71B1-410A-9DFB-31A037851D33}.RemoteDebug|Any CPU.Build.0 = RemoteDebug|Any CPU
		{6E4E6129-D244-4CB1-9225-C7DA0D903AF6}.Debug|Any CPU.ActiveCfg = Debug|Any CPU
		{6E4E6129-D244-4CB1-9225-C7DA0D903AF6}.Debug|Any CPU.Build.0 = Debug|Any CPU
		{6E4E6129-D244-4CB1-9225-C7DA0D903AF6}.Release|Any CPU.ActiveCfg = Release|Any CPU
		{6E4E6129-D244-4CB1-9225-C7DA0D903AF6}.Release|Any CPU.Build.0 = Release|Any CPU
		{6E4E6129-D244-4CB1-9225-C7DA0D903AF6}.RemoteDebug|Any CPU.ActiveCfg = RemoteDebug|Any CPU
		{6E4E6129-D244-4CB1-9225-C7DA0D903AF6}.RemoteDebug|Any CPU.Build.0 = RemoteDebug|Any CPU
		{9AAF5681-CF18-414D-9853-A20FFFA64EBA}.Debug|Any CPU.ActiveCfg = Debug|Any CPU
		{9AAF5681-CF18-414D-9853-A20FFFA64EBA}.Debug|Any CPU.Build.0 = Debug|Any CPU
		{9AAF5681-CF18-414D-9853-A20FFFA64EBA}.Release|Any CPU.ActiveCfg = Release|Any CPU
		{9AAF5681-CF18-414D-9853-A20FFFA64EBA}.Release|Any CPU.Build.0 = Release|Any CPU
		{9AAF5681-CF18-414D-9853-A20FFFA64EBA}.RemoteDebug|Any CPU.ActiveCfg = RemoteDebug|Any CPU
		{9AAF5681-CF18-414D-9853-A20FFFA64EBA}.RemoteDebug|Any CPU.Build.0 = RemoteDebug|Any CPU
		{1F4E4E4C-4E46-47CB-A3FC-D1DBF78246A3}.Debug|Any CPU.ActiveCfg = Debug|Any CPU
		{1F4E4E4C-4E46-47CB-A3FC-D1DBF78246A3}.Debug|Any CPU.Build.0 = Debug|Any CPU
		{1F4E4E4C-4E46-47CB-A3FC-D1DBF78246A3}.Release|Any CPU.ActiveCfg = Release|Any CPU
		{1F4E4E4C-4E46-47CB-A3FC-D1DBF78246A3}.Release|Any CPU.Build.0 = Release|Any CPU
		{1F4E4E4C-4E46-47CB-A3FC-D1DBF78246A3}.RemoteDebug|Any CPU.ActiveCfg = RemoteDebug|Any CPU
		{1F4E4E4C-4E46-47CB-A3FC-D1DBF78246A3}.RemoteDebug|Any CPU.Build.0 = RemoteDebug|Any CPU
	EndGlobalSection
	GlobalSection(SolutionProperties) = preSolution
		HideSolutionNode = FALSE
	EndGlobalSection
	GlobalSection(NestedProjects) = preSolution
		{AC30F1A3-5125-403E-B692-286815A94F0F} = {635342BD-9D34-4324-8F62-A5C112648965}
	EndGlobalSection
EndGlobal
